{
  "name": "aframe-osm-3d",
  "version": "0.2.7",
  "lockfileVersion": 1,
  "requires": true,
  "dependencies": {
    "jsfreemaplib": {
      "version": "0.3.1",
      "resolved": "https://registry.npmjs.org/jsfreemaplib/-/jsfreemaplib-0.3.1.tgz",
      "integrity": "sha512-AAeT9nu4qao+4XXNBQojZiIyO1PHk22xwWLXCC3lF54lVuSZc9m+dO8KWKK/glWU4dJyZPp4WDBh/DZgxqmRTg==",
      "requires": {
        "pngjs": "^5.0.0"
      }
    },
    "pngjs": {
      "version": "5.0.0",
      "resolved": "https://registry.npmjs.org/pngjs/-/pngjs-5.0.0.tgz",
      "integrity": "sha512-40QW5YalBNfQo5yRYmiw7Yz6TKKVr3h6970B2YE+3fQpsWcrbj1PzJgxeJ19DRQjhMbKPIuMY8rFaXc8moolVw=="
    }
  }
}
