{
  "name": "aframe-osm-3d",
  "version": "0.5.3",
  "lockfileVersion": 3,
  "requires": true,
  "packages": {
    "": {
      "name": "aframe-osm-3d",
      "version": "0.5.3",
      "license": "LGPL-3.0",
      "dependencies": {
        "jsfreemaplib": "^0.4.0"
      },
      "devDependencies": {}
    },
    "node_modules/jsfreemaplib": {
      "version": "0.4.3",
      "resolved": "https://registry.npmjs.org/jsfreemaplib/-/jsfreemaplib-0.4.3.tgz",
      "integrity": "sha512-bMQjDb8djySiUk9Oqy3jdLjWzhj9PrrKlJrdJbjOZISvANb5au1vGq7lWmj/gjb7bri2xPyAxjMRJfsbjzaMxQ==",
      "dependencies": {
        "pngjs": "^5.0.0"
      }
    },
    "node_modules/pngjs": {
      "version": "5.0.0",
      "resolved": "https://registry.npmjs.org/pngjs/-/pngjs-5.0.0.tgz",
      "integrity": "sha512-40QW5YalBNfQo5yRYmiw7Yz6TKKVr3h6970B2YE+3fQpsWcrbj1PzJgxeJ19DRQjhMbKPIuMY8rFaXc8moolVw==",
      "engines": {
        "node": ">=10.13.0"
      }
    }
  }
}
